
Microsoft Visual Studio Solution File, Format Version 12.00
# Visual Studio 15
VisualStudioVersion = 15.0.28010.2026
MinimumVisualStudioVersion = 10.0.40219.1
Project("{9A19103F-16F7-4668-BE54-9A1E7A4F7556}") = "AutoCosting", "AutoCosting\AutoCosting.csproj", "{5F2844B3-0D60-4B71-BC19-F7A449F1AB03}"
EndProject
Global
	GlobalSection(SolutionConfigurationPlatforms) = preSolution
		Debug|Any CPU = Debug|Any CPU
		Release|Any CPU = Release|Any CPU
	EndGlobalSection
	GlobalSection(ProjectConfigurationPlatforms) = postSolution
		{5F2844B3-0D60-4B71-BC19-F7A449F1AB03}.Debug|Any CPU.ActiveCfg = Debug|Any CPU
		{5F2844B3-0D60-4B71-BC19-F7A449F1AB03}.Debug|Any CPU.Build.0 = Debug|Any CPU
		{5F2844B3-0D60-4B71-BC19-F7A449F1AB03}.Release|Any CPU.ActiveCfg = Release|Any CPU
		{5F2844B3-0D60-4B71-BC19-F7A449F1AB03}.Release|Any CPU.Build.0 = Release|Any CPU
	EndGlobalSection
	GlobalSection(SolutionProperties) = preSolution
		HideSolutionNode = FALSE
	EndGlobalSection
	GlobalSection(ExtensibilityGlobals) = postSolution
		SolutionGuid = {88F42519-C661-4D40-9E99-37C9209C9251}
	EndGlobalSection
EndGlobal
